// !$*UTF8*$!
{
	archiveVersion = 1;
	classes = {
	};
	objectVersion = 50;
	objects = {

/* Begin PBXBuildFile section */
		AC160FFB26025E660040BEDF /* LandMarksApp.swift in Sources */ = {isa = PBXBuildFile; fileRef = AC160FFA26025E660040BEDF /* LandMarksApp.swift */; };
		AC160FFD26025E660040BEDF /* ContentView.swift in Sources */ = {isa = PBXBuildFile; fileRef = AC160FFC26025E660040BEDF /* ContentView.swift */; };
		AC160FFF26025E680040BEDF /* Assets.xcassets in Resources */ = {isa = PBXBuildFile; fileRef = AC160FFE26025E680040BEDF /* Assets.xcassets */; };
		AC16100226025E680040BEDF /* Preview Assets.xcassets in Resources */ = {isa = PBXBuildFile; fileRef = AC16100126025E680040BEDF /* Preview Assets.xcassets */; };
		AC16100B260260180040BEDF /* CircleImage.swift in Sources */ = {isa = PBXBuildFile; fileRef = AC16100A260260180040BEDF /* CircleImage.swift */; };
		AC16100E260260C00040BEDF /* MapView.swift in Sources */ = {isa = PBXBuildFile; fileRef = AC16100D260260C00040BEDF /* MapView.swift */; };
		AC90F33126134E7B0002AA7B /* HexagonParameters.swift in Sources */ = {isa = PBXBuildFile; fileRef = AC90F33026134E7B0002AA7B /* HexagonParameters.swift */; };
		AC90F3342613552E0002AA7B /* BadgeBackground.swift in Sources */ = {isa = PBXBuildFile; fileRef = AC90F3332613552E0002AA7B /* BadgeBackground.swift */; };
		AC90F33726135CCD0002AA7B /* BadgeSymbol.swift in Sources */ = {isa = PBXBuildFile; fileRef = AC90F33626135CCD0002AA7B /* BadgeSymbol.swift */; };
		AC90F33A261360430002AA7B /* RotatedBadgeSymbol.swift in Sources */ = {isa = PBXBuildFile; fileRef = AC90F339261360430002AA7B /* RotatedBadgeSymbol.swift */; };
		AC90F33D2613611C0002AA7B /* Badge.swift in Sources */ = {isa = PBXBuildFile; fileRef = AC90F33C2613611C0002AA7B /* Badge.swift */; };
		AC90F3422613676E0002AA7B /* hikeData.json in Resources */ = {isa = PBXBuildFile; fileRef = AC90F3412613676E0002AA7B /* hikeData.json */; };
		AC90F345261367920002AA7B /* Hike.swift in Sources */ = {isa = PBXBuildFile; fileRef = AC90F344261367920002AA7B /* Hike.swift */; };
		ACAB0D0826136B020091F37A /* GraphCapsule.swift in Sources */ = {isa = PBXBuildFile; fileRef = ACAB0D0426136B020091F37A /* GraphCapsule.swift */; };
		ACAB0D0926136B020091F37A /* HikeGraph.swift in Sources */ = {isa = PBXBuildFile; fileRef = ACAB0D0526136B020091F37A /* HikeGraph.swift */; };
		ACAB0D0A26136B020091F37A /* HikeDetail.swift in Sources */ = {isa = PBXBuildFile; fileRef = ACAB0D0626136B020091F37A /* HikeDetail.swift */; };
		ACAB0D0B26136B020091F37A /* HikeView.swift in Sources */ = {isa = PBXBuildFile; fileRef = ACAB0D0726136B020091F37A /* HikeView.swift */; };
		ACAC53F82602686B0096581C /* landmarkData.json in Resources */ = {isa = PBXBuildFile; fileRef = ACAC53F72602686B0096581C /* landmarkData.json */; };
		ACAC5401260269340096581C /* Landmark.swift in Sources */ = {isa = PBXBuildFile; fileRef = ACAC5400260269340096581C /* Landmark.swift */; };
		ACAC540426026B150096581C /* ModelData.swift in Sources */ = {isa = PBXBuildFile; fileRef = ACAC540326026B150096581C /* ModelData.swift */; };
		ACAC540726026D2D0096581C /* LandmarkRow.swift in Sources */ = {isa = PBXBuildFile; fileRef = ACAC540626026D2D0096581C /* LandmarkRow.swift */; };
		ACAC540A26026F0D0096581C /* LandmarkList.swift in Sources */ = {isa = PBXBuildFile; fileRef = ACAC540926026F0D0096581C /* LandmarkList.swift */; };
		ACAC540D260270760096581C /* LandmarkDetail.swift in Sources */ = {isa = PBXBuildFile; fileRef = ACAC540C260270760096581C /* LandmarkDetail.swift */; };
		ACAC541126039F190096581C /* FavoriteButton.swift in Sources */ = {isa = PBXBuildFile; fileRef = ACAC541026039F190096581C /* FavoriteButton.swift */; };
/* End PBXBuildFile section */

/* Begin PBXFileReference section */
		AC160FF726025E660040BEDF /* LandMarks.app */ = {isa = PBXFileReference; explicitFileType = wrapper.application; includeInIndex = 0; path = LandMarks.app; sourceTree = BUILT_PRODUCTS_DIR; };
		AC160FFA26025E660040BEDF /* LandMarksApp.swift */ = {isa = PBXFileReference; lastKnownFileType = sourcecode.swift; path = LandMarksApp.swift; sourceTree = "<group>"; };
		AC160FFC26025E660040BEDF /* ContentView.swift */ = {isa = PBXFileReference; lastKnownFileType = sourcecode.swift; path = ContentView.swift; sourceTree = "<group>"; };
		AC160FFE26025E680040BEDF /* Assets.xcassets */ = {isa = PBXFileReference; lastKnownFileType = folder.assetcatalog; path = Assets.xcassets; sourceTree = "<group>"; };
		AC16100126025E680040BEDF /* Preview Assets.xcassets */ = {isa = PBXFileReference; lastKnownFileType = folder.assetcatalog; path = "Preview Assets.xcassets"; sourceTree = "<group>"; };
		AC16100326025E680040BEDF /* Info.plist */ = {isa = PBXFileReference; lastKnownFileType = text.plist.xml; path = Info.plist; sourceTree = "<group>"; };
		AC16100A260260180040BEDF /* CircleImage.swift */ = {isa = PBXFileReference; lastKnownFileType = sourcecode.swift; path = CircleImage.swift; sourceTree = "<group>"; };
		AC16100D260260C00040BEDF /* MapView.swift */ = {isa = PBXFileReference; lastKnownFileType = sourcecode.swift; path = MapView.swift; sourceTree = "<group>"; };
		AC90F33026134E7B0002AA7B /* HexagonParameters.swift */ = {isa = PBXFileReference; lastKnownFileType = sourcecode.swift; path = HexagonParameters.swift; sourceTree = "<group>"; };
		AC90F3332613552E0002AA7B /* BadgeBackground.swift */ = {isa = PBXFileReference; lastKnownFileType = sourcecode.swift; path = BadgeBackground.swift; sourceTree = "<group>"; };
		AC90F33626135CCD0002AA7B /* BadgeSymbol.swift */ = {isa = PBXFileReference; lastKnownFileType = sourcecode.swift; path = BadgeSymbol.swift; sourceTree = "<group>"; };
		AC90F339261360430002AA7B /* RotatedBadgeSymbol.swift */ = {isa = PBXFileReference; lastKnownFileType = sourcecode.swift; path = RotatedBadgeSymbol.swift; sourceTree = "<group>"; };
		AC90F33C2613611C0002AA7B /* Badge.swift */ = {isa = PBXFileReference; lastKnownFileType = sourcecode.swift; path = Badge.swift; sourceTree = "<group>"; };
		AC90F3412613676E0002AA7B /* hikeData.json */ = {isa = PBXFileReference; fileEncoding = 4; lastKnownFileType = text.json; path = hikeData.json; sourceTree = "<group>"; };
		AC90F344261367920002AA7B /* Hike.swift */ = {isa = PBXFileReference; lastKnownFileType = sourcecode.swift; path = Hike.swift; sourceTree = "<group>"; };
		ACAB0D0426136B020091F37A /* GraphCapsule.swift */ = {isa = PBXFileReference; fileEncoding = 4; lastKnownFileType = sourcecode.swift; path = GraphCapsule.swift; sourceTree = "<group>"; };
		ACAB0D0526136B020091F37A /* HikeGraph.swift */ = {isa = PBXFileReference; fileEncoding = 4; lastKnownFileType = sourcecode.swift; path = HikeGraph.swift; sourceTree = "<group>"; };
		ACAB0D0626136B020091F37A /* HikeDetail.swift */ = {isa = PBXFileReference; fileEncoding = 4; lastKnownFileType = sourcecode.swift; path = HikeDetail.swift; sourceTree = "<group>"; };
		ACAB0D0726136B020091F37A /* HikeView.swift */ = {isa = PBXFileReference; fileEncoding = 4; lastKnownFileType = sourcecode.swift; path = HikeView.swift; sourceTree = "<group>"; };
		ACAC53F72602686B0096581C /* landmarkData.json */ = {isa = PBXFileReference; fileEncoding = 4; lastKnownFileType = text.json; path = landmarkData.json; sourceTree = "<group>"; };
		ACAC5400260269340096581C /* Landmark.swift */ = {isa = PBXFileReference; lastKnownFileType = sourcecode.swift; path = Landmark.swift; sourceTree = "<group>"; };
		ACAC540326026B150096581C /* ModelData.swift */ = {isa = PBXFileReference; lastKnownFileType = sourcecode.swift; path = ModelData.swift; sourceTree = "<group>"; };
		ACAC540626026D2D0096581C /* LandmarkRow.swift */ = {isa = PBXFileReference; lastKnownFileType = sourcecode.swift; path = LandmarkRow.swift; sourceTree = "<group>"; };
		ACAC540926026F0D0096581C /* LandmarkList.swift */ = {isa = PBXFileReference; lastKnownFileType = sourcecode.swift; path = LandmarkList.swift; sourceTree = "<group>"; };
		ACAC540C260270760096581C /* LandmarkDetail.swift */ = {isa = PBXFileReference; lastKnownFileType = sourcecode.swift; path = LandmarkDetail.swift; sourceTree = "<group>"; };
		ACAC541026039F190096581C /* FavoriteButton.swift */ = {isa = PBXFileReference; lastKnownFileType = sourcecode.swift; path = FavoriteButton.swift; sourceTree = "<group>"; };
/* End PBXFileReference section */

/* Begin PBXFrameworksBuildPhase section */
		AC160FF426025E660040BEDF /* Frameworks */ = {
			isa = PBXFrameworksBuildPhase;
			buildActionMask = 2147483647;
			files = (
			);
			runOnlyForDeploymentPostprocessing = 0;
		};
/* End PBXFrameworksBuildPhase section */

/* Begin PBXGroup section */
		AC160FEE26025E660040BEDF = {
			isa = PBXGroup;
			children = (
				AC160FF926025E660040BEDF /* LandMarks */,
				AC160FF826025E660040BEDF /* Products */,
			);
			sourceTree = "<group>";
		};
		AC160FF826025E660040BEDF /* Products */ = {
			isa = PBXGroup;
			children = (
				AC160FF726025E660040BEDF /* LandMarks.app */,
			);
			name = Products;
			sourceTree = "<group>";
		};
		AC160FF926025E660040BEDF /* LandMarks */ = {
			isa = PBXGroup;
			children = (
				ACAC53FC2602688D0096581C /* Model */,
				ACAC53FB2602687E0096581C /* Views */,
				ACAC53FA260268720096581C /* Ressources */,
				ACAC53FD260268BA0096581C /* SupportingFiles */,
				AC16100026025E680040BEDF /* Preview Content */,
			);
			path = LandMarks;
			sourceTree = "<group>";
		};
		AC16100026025E680040BEDF /* Preview Content */ = {
			isa = PBXGroup;
			children = (
				AC16100126025E680040BEDF /* Preview Assets.xcassets */,
			);
			path = "Preview Content";
			sourceTree = "<group>";
		};
		AC90F33F261366260002AA7B /* Badges */ = {
			isa = PBXGroup;
			children = (
				AC90F33026134E7B0002AA7B /* HexagonParameters.swift */,
				AC90F3332613552E0002AA7B /* BadgeBackground.swift */,
				AC90F33626135CCD0002AA7B /* BadgeSymbol.swift */,
				AC90F339261360430002AA7B /* RotatedBadgeSymbol.swift */,
				AC90F33C2613611C0002AA7B /* Badge.swift */,
			);
			path = Badges;
			sourceTree = "<group>";
		};
		ACAB0D0326136B020091F37A /* Hikes */ = {
			isa = PBXGroup;
			children = (
				ACAB0D0426136B020091F37A /* GraphCapsule.swift */,
				ACAB0D0526136B020091F37A /* HikeGraph.swift */,
				ACAB0D0626136B020091F37A /* HikeDetail.swift */,
				ACAB0D0726136B020091F37A /* HikeView.swift */,
			);
			path = Hikes;
			sourceTree = "<group>";
		};
		ACAC53FA260268720096581C /* Ressources */ = {
			isa = PBXGroup;
			children = (
				ACAC53F72602686B0096581C /* landmarkData.json */,
				AC90F3412613676E0002AA7B /* hikeData.json */,
			);
			path = Ressources;
			sourceTree = "<group>";
		};
		ACAC53FB2602687E0096581C /* Views */ = {
			isa = PBXGroup;
			children = (
				AC160FFC26025E660040BEDF /* ContentView.swift */,
				ACAC54132603A0340096581C /* Landmarks */,
				ACAC54142603A0420096581C /* Helpers */,
				AC90F33F261366260002AA7B /* Badges */,
				ACAB0D0326136B020091F37A /* Hikes */,
			);
			path = Views;
			sourceTree = "<group>";
		};
		ACAC53FC2602688D0096581C /* Model */ = {
			isa = PBXGroup;
			children = (
				ACAC5400260269340096581C /* Landmark.swift */,
				ACAC540326026B150096581C /* ModelData.swift */,
				AC90F344261367920002AA7B /* Hike.swift */,
			);
			path = Model;
			sourceTree = "<group>";
		};
		ACAC53FD260268BA0096581C /* SupportingFiles */ = {
			isa = PBXGroup;
			children = (
				AC160FFA26025E660040BEDF /* LandMarksApp.swift */,
				AC160FFE26025E680040BEDF /* Assets.xcassets */,
				AC16100326025E680040BEDF /* Info.plist */,
			);
			path = SupportingFiles;
			sourceTree = "<group>";
		};
		ACAC54132603A0340096581C /* Landmarks */ = {
			isa = PBXGroup;
			children = (
				ACAC540626026D2D0096581C /* LandmarkRow.swift */,
				ACAC540926026F0D0096581C /* LandmarkList.swift */,
				ACAC540C260270760096581C /* LandmarkDetail.swift */,
			);
			path = Landmarks;
			sourceTree = "<group>";
		};
		ACAC54142603A0420096581C /* Helpers */ = {
			isa = PBXGroup;
			children = (
				AC16100A260260180040BEDF /* CircleImage.swift */,
				AC16100D260260C00040BEDF /* MapView.swift */,
				ACAC541026039F190096581C /* FavoriteButton.swift */,
			);
			path = Helpers;
			sourceTree = "<group>";
		};
/* End PBXGroup section */

/* Begin PBXNativeTarget section */
		AC160FF626025E660040BEDF /* LandMarks */ = {
			isa = PBXNativeTarget;
			buildConfigurationList = AC16100626025E680040BEDF /* Build configuration list for PBXNativeTarget "LandMarks" */;
			buildPhases = (
				AC160FF326025E660040BEDF /* Sources */,
				AC160FF426025E660040BEDF /* Frameworks */,
				AC160FF526025E660040BEDF /* Resources */,
			);
			buildRules = (
			);
			dependencies = (
			);
			name = LandMarks;
			productName = LandMarks;
			productReference = AC160FF726025E660040BEDF /* LandMarks.app */;
			productType = "com.apple.product-type.application";
		};
/* End PBXNativeTarget section */

/* Begin PBXProject section */
		AC160FEF26025E660040BEDF /* Project object */ = {
			isa = PBXProject;
			attributes = {
				LastSwiftUpdateCheck = 1240;
				LastUpgradeCheck = 1240;
				TargetAttributes = {
					AC160FF626025E660040BEDF = {
						CreatedOnToolsVersion = 12.4;
					};
				};
			};
			buildConfigurationList = AC160FF226025E660040BEDF /* Build configuration list for PBXProject "LandMarks" */;
			compatibilityVersion = "Xcode 9.3";
			developmentRegion = en;
			hasScannedForEncodings = 0;
			knownRegions = (
				en,
				Base,
			);
			mainGroup = AC160FEE26025E660040BEDF;
			productRefGroup = AC160FF826025E660040BEDF /* Products */;
			projectDirPath = "";
			projectRoot = "";
			targets = (
				AC160FF626025E660040BEDF /* LandMarks */,
			);
		};
/* End PBXProject section */

/* Begin PBXResourcesBuildPhase section */
		AC160FF526025E660040BEDF /* Resources */ = {
			isa = PBXResourcesBuildPhase;
			buildActionMask = 2147483647;
			files = (
				AC90F3422613676E0002AA7B /* hikeData.json in Resources */,
				AC16100226025E680040BEDF /* Preview Assets.xcassets in Resources */,
				AC160FFF26025E680040BEDF /* Assets.xcassets in Resources */,
				ACAC53F82602686B0096581C /* landmarkData.json in Resources */,
			);
			runOnlyForDeploymentPostprocessing = 0;
		};
/* End PBXResourcesBuildPhase section */

/* Begin PBXSourcesBuildPhase section */
		AC160FF326025E660040BEDF /* Sources */ = {
			isa = PBXSourcesBuildPhase;
			buildActionMask = 2147483647;
			files = (
				AC160FFD26025E660040BEDF /* ContentView.swift in Sources */,
				ACAB0D0926136B020091F37A /* HikeGraph.swift in Sources */,
				AC90F33D2613611C0002AA7B /* Badge.swift in Sources */,
				AC16100E260260C00040BEDF /* MapView.swift in Sources */,
				ACAB0D0826136B020091F37A /* GraphCapsule.swift in Sources */,
				AC160FFB26025E660040BEDF /* LandMarksApp.swift in Sources */,
				ACAC541126039F190096581C /* FavoriteButton.swift in Sources */,
				ACAB0D0A26136B020091F37A /* HikeDetail.swift in Sources */,
				AC90F33126134E7B0002AA7B /* HexagonParameters.swift in Sources */,
				AC90F345261367920002AA7B /* Hike.swift in Sources */,
				AC90F33A261360430002AA7B /* RotatedBadgeSymbol.swift in Sources */,
				AC90F33726135CCD0002AA7B /* BadgeSymbol.swift in Sources */,
				ACAC540A26026F0D0096581C /* LandmarkList.swift in Sources */,
				ACAB0D0B26136B020091F37A /* HikeView.swift in Sources */,
				ACAC540D260270760096581C /* LandmarkDetail.swift in Sources */,
				AC90F3342613552E0002AA7B /* BadgeBackground.swift in Sources */,
				AC16100B260260180040BEDF /* CircleImage.swift in Sources */,
				ACAC5401260269340096581C /* Landmark.swift in Sources */,
				ACAC540726026D2D0096581C /* LandmarkRow.swift in Sources */,
				ACAC540426026B150096581C /* ModelData.swift in Sources */,
			);
			runOnlyForDeploymentPostprocessing = 0;
		};
/* End PBXSourcesBuildPhase section */

/* Begin XCBuildConfiguration section */
		AC16100426025E680040BEDF /* Debug */ = {
			isa = XCBuildConfiguration;
			buildSettings = {
				ALWAYS_SEARCH_USER_PATHS = NO;
				CLANG_ANALYZER_NONNULL = YES;
				CLANG_ANALYZER_NUMBER_OBJECT_CONVERSION = YES_AGGRESSIVE;
				CLANG_CXX_LANGUAGE_STANDARD = "gnu++14";
				CLANG_CXX_LIBRARY = "libc++";
				CLANG_ENABLE_MODULES = YES;
				CLANG_ENABLE_OBJC_ARC = YES;
				CLANG_ENABLE_OBJC_WEAK = YES;
				CLANG_WARN_BLOCK_CAPTURE_AUTORELEASING = YES;
				CLANG_WARN_BOOL_CONVERSION = YES;
				CLANG_WARN_COMMA = YES;
				CLANG_WARN_CONSTANT_CONVERSION = YES;
				CLANG_WARN_DEPRECATED_OBJC_IMPLEMENTATIONS = YES;
				CLANG_WARN_DIRECT_OBJC_ISA_USAGE = YES_ERROR;
				CLANG_WARN_DOCUMENTATION_COMMENTS = YES;
				CLANG_WARN_EMPTY_BODY = YES;
				CLANG_WARN_ENUM_CONVERSION = YES;
				CLANG_WARN_INFINITE_RECURSION = YES;
				CLANG_WARN_INT_CONVERSION = YES;
				CLANG_WARN_NON_LITERAL_NULL_CONVERSION = YES;
				CLANG_WARN_OBJC_IMPLICIT_RETAIN_SELF = YES;
				CLANG_WARN_OBJC_LITERAL_CONVERSION = YES;
				CLANG_WARN_OBJC_ROOT_CLASS = YES_ERROR;
				CLANG_WARN_QUOTED_INCLUDE_IN_FRAMEWORK_HEADER = YES;
				CLANG_WARN_RANGE_LOOP_ANALYSIS = YES;
				CLANG_WARN_STRICT_PROTOTYPES = YES;
				CLANG_WARN_SUSPICIOUS_MOVE = YES;
				CLANG_WARN_UNGUARDED_AVAILABILITY = YES_AGGRESSIVE;
				CLANG_WARN_UNREACHABLE_CODE = YES;
				CLANG_WARN__DUPLICATE_METHOD_MATCH = YES;
				COPY_PHASE_STRIP = NO;
				DEBUG_INFORMATION_FORMAT = dwarf;
				ENABLE_STRICT_OBJC_MSGSEND = YES;
				ENABLE_TESTABILITY = YES;
				GCC_C_LANGUAGE_STANDARD = gnu11;
				GCC_DYNAMIC_NO_PIC = NO;
				GCC_NO_COMMON_BLOCKS = YES;
				GCC_OPTIMIZATION_LEVEL = 0;
				GCC_PREPROCESSOR_DEFINITIONS = (
					"DEBUG=1",
					"$(inherited)",
				);
				GCC_WARN_64_TO_32_BIT_CONVERSION = YES;
				GCC_WARN_ABOUT_RETURN_TYPE = YES_ERROR;
				GCC_WARN_UNDECLARED_SELECTOR = YES;
				GCC_WARN_UNINITIALIZED_AUTOS = YES_AGGRESSIVE;
				GCC_WARN_UNUSED_FUNCTION = YES;
				GCC_WARN_UNUSED_VARIABLE = YES;
				IPHONEOS_DEPLOYMENT_TARGET = 14.4;
				MTL_ENABLE_DEBUG_INFO = INCLUDE_SOURCE;
				MTL_FAST_MATH = YES;
				ONLY_ACTIVE_ARCH = YES;
				SDKROOT = iphoneos;
				SWIFT_ACTIVE_COMPILATION_CONDITIONS = DEBUG;
				SWIFT_OPTIMIZATION_LEVEL = "-Onone";
			};
			name = Debug;
		};
		AC16100526025E680040BEDF /* Release */ = {
			isa = XCBuildConfiguration;
			buildSettings = {
				ALWAYS_SEARCH_USER_PATHS = NO;
				CLANG_ANALYZER_NONNULL = YES;
				CLANG_ANALYZER_NUMBER_OBJECT_CONVERSION = YES_AGGRESSIVE;
				CLANG_CXX_LANGUAGE_STANDARD = "gnu++14";
				CLANG_CXX_LIBRARY = "libc++";
				CLANG_ENABLE_MODULES = YES;
				CLANG_ENABLE_OBJC_ARC = YES;
				CLANG_ENABLE_OBJC_WEAK = YES;
				CLANG_WARN_BLOCK_CAPTURE_AUTORELEASING = YES;
				CLANG_WARN_BOOL_CONVERSION = YES;
				CLANG_WARN_COMMA = YES;
				CLANG_WARN_CONSTANT_CONVERSION = YES;
				CLANG_WARN_DEPRECATED_OBJC_IMPLEMENTATIONS = YES;
				CLANG_WARN_DIRECT_OBJC_ISA_USAGE = YES_ERROR;
				CLANG_WARN_DOCUMENTATION_COMMENTS = YES;
				CLANG_WARN_EMPTY_BODY = YES;
				CLANG_WARN_ENUM_CONVERSION = YES;
				CLANG_WARN_INFINITE_RECURSION = YES;
				CLANG_WARN_INT_CONVERSION = YES;
				CLANG_WARN_NON_LITERAL_NULL_CONVERSION = YES;
				CLANG_WARN_OBJC_IMPLICIT_RETAIN_SELF = YES;
				CLANG_WARN_OBJC_LITERAL_CONVERSION = YES;
				CLANG_WARN_OBJC_ROOT_CLASS = YES_ERROR;
				CLANG_WARN_QUOTED_INCLUDE_IN_FRAMEWORK_HEADER = YES;
				CLANG_WARN_RANGE_LOOP_ANALYSIS = YES;
				CLANG_WARN_STRICT_PROTOTYPES = YES;
				CLANG_WARN_SUSPICIOUS_MOVE = YES;
				CLANG_WARN_UNGUARDED_AVAILABILITY = YES_AGGRESSIVE;
				CLANG_WARN_UNREACHABLE_CODE = YES;
				CLANG_WARN__DUPLICATE_METHOD_MATCH = YES;
				COPY_PHASE_STRIP = NO;
				DEBUG_INFORMATION_FORMAT = "dwarf-with-dsym";
				ENABLE_NS_ASSERTIONS = NO;
				ENABLE_STRICT_OBJC_MSGSEND = YES;
				GCC_C_LANGUAGE_STANDARD = gnu11;
				GCC_NO_COMMON_BLOCKS = YES;
				GCC_WARN_64_TO_32_BIT_CONVERSION = YES;
				GCC_WARN_ABOUT_RETURN_TYPE = YES_ERROR;
				GCC_WARN_UNDECLARED_SELECTOR = YES;
				GCC_WARN_UNINITIALIZED_AUTOS = YES_AGGRESSIVE;
				GCC_WARN_UNUSED_FUNCTION = YES;
				GCC_WARN_UNUSED_VARIABLE = YES;
				IPHONEOS_DEPLOYMENT_TARGET = 14.4;
				MTL_ENABLE_DEBUG_INFO = NO;
				MTL_FAST_MATH = YES;
				SDKROOT = iphoneos;
				SWIFT_COMPILATION_MODE = wholemodule;
				SWIFT_OPTIMIZATION_LEVEL = "-O";
				VALIDATE_PRODUCT = YES;
			};
			name = Release;
		};
		AC16100726025E680040BEDF /* Debug */ = {
			isa = XCBuildConfiguration;
			buildSettings = {
				ASSETCATALOG_COMPILER_APPICON_NAME = AppIcon;
				ASSETCATALOG_COMPILER_GLOBAL_ACCENT_COLOR_NAME = AccentColor;
				CODE_SIGN_STYLE = Automatic;
				DEVELOPMENT_ASSET_PATHS = "\"LandMarks/Preview Content\"";
				DEVELOPMENT_TEAM = Y56L8SS28B;
				ENABLE_PREVIEWS = YES;
				INFOPLIST_FILE = LandMarks/SupportingFiles/Info.plist;
				IPHONEOS_DEPLOYMENT_TARGET = 14.0;
				LD_RUNPATH_SEARCH_PATHS = (
					"$(inherited)",
					"@executable_path/Frameworks",
				);
				PRODUCT_BUNDLE_IDENTIFIER = com.poudja.LandMarks;
				PRODUCT_NAME = "$(TARGET_NAME)";
				SWIFT_VERSION = 5.0;
				TARGETED_DEVICE_FAMILY = "1,2";
			};
			name = Debug;
		};
		AC16100826025E680040BEDF /* Release */ = {
			isa = XCBuildConfiguration;
			buildSettings = {
				ASSETCATALOG_COMPILER_APPICON_NAME = AppIcon;
				ASSETCATALOG_COMPILER_GLOBAL_ACCENT_COLOR_NAME = AccentColor;
				CODE_SIGN_STYLE = Automatic;
				DEVELOPMENT_ASSET_PATHS = "\"LandMarks/Preview Content\"";
				DEVELOPMENT_TEAM = Y56L8SS28B;
				ENABLE_PREVIEWS = YES;
				INFOPLIST_FILE = LandMarks/SupportingFiles/Info.plist;
				IPHONEOS_DEPLOYMENT_TARGET = 14.0;
				LD_RUNPATH_SEARCH_PATHS = (
					"$(inherited)",
					"@executable_path/Frameworks",
				);
				PRODUCT_BUNDLE_IDENTIFIER = com.poudja.LandMarks;
				PRODUCT_NAME = "$(TARGET_NAME)";
				SWIFT_VERSION = 5.0;
				TARGETED_DEVICE_FAMILY = "1,2";
			};
			name = Release;
		};
/* End XCBuildConfiguration section */

/* Begin XCConfigurationList section */
		AC160FF226025E660040BEDF /* Build configuration list for PBXProject "LandMarks" */ = {
			isa = XCConfigurationList;
			buildConfigurations = (
				AC16100426025E680040BEDF /* Debug */,
				AC16100526025E680040BEDF /* Release */,
			);
			defaultConfigurationIsVisible = 0;
			defaultConfigurationName = Release;
		};
		AC16100626025E680040BEDF /* Build configuration list for PBXNativeTarget "LandMarks" */ = {
			isa = XCConfigurationList;
			buildConfigurations = (
				AC16100726025E680040BEDF /* Debug */,
				AC16100826025E680040BEDF /* Release */,
			);
			defaultConfigurationIsVisible = 0;
			defaultConfigurationName = Release;
		};
/* End XCConfigurationList section */
	};
	rootObject = AC160FEF26025E660040BEDF /* Project object */;
}
